
Microsoft Visual Studio Solution File, Format Version 12.00
# Visual Studio Version 17
VisualStudioVersion = 17.4.33110.190
MinimumVisualStudioVersion = 10.0.40219.1
Project("{FAE04EC0-301F-11D3-BF4B-00C04F79EFBC}") = "CasinoWebAPI", "CasinoWebAPI\CasinoWebAPI.csproj", "{C7F2780C-DDB3-4882-8EE8-EDDF8E877476}"
EndProject
Global
	GlobalSection(SolutionConfigurationPlatforms) = preSolution
		Debug|Any CPU = Debug|Any CPU
		Release|Any CPU = Release|Any CPU
	EndGlobalSection
	GlobalSection(ProjectConfigurationPlatforms) = postSolution
		{C7F2780C-DDB3-4882-8EE8-EDDF8E877476}.Debug|Any CPU.ActiveCfg = Debug|Any CPU
		{C7F2780C-DDB3-4882-8EE8-EDDF8E877476}.Debug|Any CPU.Build.0 = Debug|Any CPU
		{C7F2780C-DDB3-4882-8EE8-EDDF8E877476}.Release|Any CPU.ActiveCfg = Release|Any CPU
		{C7F2780C-DDB3-4882-8EE8-EDDF8E877476}.Release|Any CPU.Build.0 = Release|Any CPU
	EndGlobalSection
	GlobalSection(SolutionProperties) = preSolution
		HideSolutionNode = FALSE
	EndGlobalSection
	GlobalSection(ExtensibilityGlobals) = postSolution
		SolutionGuid = {EE9AE02B-316A-4B76-8AC2-2B01FE6A8ACF}
	EndGlobalSection
EndGlobal
